
Microsoft Visual Studio Solution File, Format Version 12.00
# Visual Studio Version 17
VisualStudioVersion = 17.8.34330.188
MinimumVisualStudioVersion = 10.0.40219.1
Project("{FAE04EC0-301F-11D3-BF4B-00C04F79EFBC}") = "Date.API", "Date.API\Date.API.csproj", "{FC3BED0B-C8BD-4349-8D8E-EAE1F5E0984E}"
EndProject
Global
	GlobalSection(SolutionConfigurationPlatforms) = preSolution
		Debug|Any CPU = Debug|Any CPU
		Release|Any CPU = Release|Any CPU
	EndGlobalSection
	GlobalSection(ProjectConfigurationPlatforms) = postSolution
		{FC3BED0B-C8BD-4349-8D8E-EAE1F5E0984E}.Debug|Any CPU.ActiveCfg = Debug|Any CPU
		{FC3BED0B-C8BD-4349-8D8E-EAE1F5E0984E}.Debug|Any CPU.Build.0 = Debug|Any CPU
		{FC3BED0B-C8BD-4349-8D8E-EAE1F5E0984E}.Release|Any CPU.ActiveCfg = Release|Any CPU
		{FC3BED0B-C8BD-4349-8D8E-EAE1F5E0984E}.Release|Any CPU.Build.0 = Release|Any CPU
	EndGlobalSection
	GlobalSection(SolutionProperties) = preSolution
		HideSolutionNode = FALSE
	EndGlobalSection
	GlobalSection(ExtensibilityGlobals) = postSolution
		SolutionGuid = {25FDCC27-8DAC-4ED1-BFEF-D12C8E16EB02}
	EndGlobalSection
EndGlobal
